
Microsoft Visual Studio Solution File, Format Version 12.00
# Visual Studio Version 17
VisualStudioVersion = 17.5.33516.290
MinimumVisualStudioVersion = 10.0.40219.1
Project("{FAE04EC0-301F-11D3-BF4B-00C04F79EFBC}") = "AFMapper", "AFMapper\AFMapper.csproj", "{4469AF20-E073-4731-B0EB-C3A62130A781}"
EndProject
Project("{FAE04EC0-301F-11D3-BF4B-00C04F79EFBC}") = "AFMapper.Firebird", "AFMapper.Firebird\AFMapper.Firebird.csproj", "{596125BA-AB73-47EC-BBB8-17F8163A2A48}"
EndProject
Project("{FAE04EC0-301F-11D3-BF4B-00C04F79EFBC}") = "AFMapper.PostgreSQL", "AFMapper.PostgreSQL\AFMapper.PostgreSQL.csproj", "{DE8785D9-EBD9-48FC-B8FC-FEFFCA55F05D}"
EndProject
Project("{FAE04EC0-301F-11D3-BF4B-00C04F79EFBC}") = "AFMapper.MsSQL", "AFMapper.MsSQL\AFMapper.MsSQL.csproj", "{066DD483-6345-43D9-946A-2886A4985D13}"
EndProject
Project("{FAE04EC0-301F-11D3-BF4B-00C04F79EFBC}") = "AFMapper.AzureSQL", "AFMapper.AzureSQL\AFMapper.AzureSQL.csproj", "{58796614-A535-4661-A501-1E07DEB3CD04}"
EndProject
Global
	GlobalSection(SolutionConfigurationPlatforms) = preSolution
		Debug|Any CPU = Debug|Any CPU
		Release|Any CPU = Release|Any CPU
	EndGlobalSection
	GlobalSection(ProjectConfigurationPlatforms) = postSolution
		{4469AF20-E073-4731-B0EB-C3A62130A781}.Debug|Any CPU.ActiveCfg = Debug|Any CPU
		{4469AF20-E073-4731-B0EB-C3A62130A781}.Debug|Any CPU.Build.0 = Debug|Any CPU
		{4469AF20-E073-4731-B0EB-C3A62130A781}.Release|Any CPU.ActiveCfg = Release|Any CPU
		{4469AF20-E073-4731-B0EB-C3A62130A781}.Release|Any CPU.Build.0 = Release|Any CPU
		{596125BA-AB73-47EC-BBB8-17F8163A2A48}.Debug|Any CPU.ActiveCfg = Debug|Any CPU
		{596125BA-AB73-47EC-BBB8-17F8163A2A48}.Debug|Any CPU.Build.0 = Debug|Any CPU
		{596125BA-AB73-47EC-BBB8-17F8163A2A48}.Release|Any CPU.ActiveCfg = Release|Any CPU
		{596125BA-AB73-47EC-BBB8-17F8163A2A48}.Release|Any CPU.Build.0 = Release|Any CPU
		{DE8785D9-EBD9-48FC-B8FC-FEFFCA55F05D}.Debug|Any CPU.ActiveCfg = Debug|Any CPU
		{DE8785D9-EBD9-48FC-B8FC-FEFFCA55F05D}.Debug|Any CPU.Build.0 = Debug|Any CPU
		{DE8785D9-EBD9-48FC-B8FC-FEFFCA55F05D}.Release|Any CPU.ActiveCfg = Release|Any CPU
		{DE8785D9-EBD9-48FC-B8FC-FEFFCA55F05D}.Release|Any CPU.Build.0 = Release|Any CPU
		{066DD483-6345-43D9-946A-2886A4985D13}.Debug|Any CPU.ActiveCfg = Debug|Any CPU
		{066DD483-6345-43D9-946A-2886A4985D13}.Debug|Any CPU.Build.0 = Debug|Any CPU
		{066DD483-6345-43D9-946A-2886A4985D13}.Release|Any CPU.ActiveCfg = Release|Any CPU
		{066DD483-6345-43D9-946A-2886A4985D13}.Release|Any CPU.Build.0 = Release|Any CPU
		{58796614-A535-4661-A501-1E07DEB3CD04}.Debug|Any CPU.ActiveCfg = Debug|Any CPU
		{58796614-A535-4661-A501-1E07DEB3CD04}.Debug|Any CPU.Build.0 = Debug|Any CPU
		{58796614-A535-4661-A501-1E07DEB3CD04}.Release|Any CPU.ActiveCfg = Release|Any CPU
		{58796614-A535-4661-A501-1E07DEB3CD04}.Release|Any CPU.Build.0 = Release|Any CPU
	EndGlobalSection
	GlobalSection(SolutionProperties) = preSolution
		HideSolutionNode = FALSE
	EndGlobalSection
	GlobalSection(ExtensibilityGlobals) = postSolution
		SolutionGuid = {A7D03E7A-DFC7-494B-A3DF-80B1CE98BA34}
	EndGlobalSection
EndGlobal
